// !$*UTF8*$!
{
	archiveVersion = 1;
	classes = {
	};
	objectVersion = 46;
	objects = {

/* Begin PBXBuildFile section */
		FEE939751BABAB4E00819C48 /* AppDelegate.swift in Sources */ = {isa = PBXBuildFile; fileRef = FEE939741BABAB4E00819C48 /* AppDelegate.swift */; };
		FEE9397C1BABAB4E00819C48 /* Assets.xcassets in Resources */ = {isa = PBXBuildFile; fileRef = FEE9397B1BABAB4E00819C48 /* Assets.xcassets */; };
/* End PBXBuildFile section */

/* Begin PBXFileReference section */
		FEE939711BABAB4E00819C48 /* RWDevCon.app */ = {isa = PBXFileReference; explicitFileType = wrapper.application; includeInIndex = 0; path = RWDevCon.app; sourceTree = BUILT_PRODUCTS_DIR; };
		FEE939741BABAB4E00819C48 /* AppDelegate.swift */ = {isa = PBXFileReference; lastKnownFileType = sourcecode.swift; path = AppDelegate.swift; sourceTree = "<group>"; };
		FEE9397B1BABAB4E00819C48 /* Assets.xcassets */ = {isa = PBXFileReference; lastKnownFileType = folder.assetcatalog; path = Assets.xcassets; sourceTree = "<group>"; };
		FEE9397D1BABAB4E00819C48 /* Info.plist */ = {isa = PBXFileReference; lastKnownFileType = text.plist.xml; path = Info.plist; sourceTree = "<group>"; };
/* End PBXFileReference section */

/* Begin PBXFrameworksBuildPhase section */
		FEE9396E1BABAB4E00819C48 /* Frameworks */ = {
			isa = PBXFrameworksBuildPhase;
			buildActionMask = 2147483647;
			files = (
			);
			runOnlyForDeploymentPostprocessing = 0;
		};
/* End PBXFrameworksBuildPhase section */

/* Begin PBXGroup section */
		FEE939681BABAB4E00819C48 = {
			isa = PBXGroup;
			children = (
				FEE939731BABAB4E00819C48 /* RWDevCon */,
				FEE939721BABAB4E00819C48 /* Products */,
			);
			sourceTree = "<group>";
		};
		FEE939721BABAB4E00819C48 /* Products */ = {
			isa = PBXGroup;
			children = (
				FEE939711BABAB4E00819C48 /* RWDevCon.app */,
			);
			name = Products;
			sourceTree = "<group>";
		};
		FEE939731BABAB4E00819C48 /* RWDevCon */ = {
			isa = PBXGroup;
			children = (
				FEE939741BABAB4E00819C48 /* AppDelegate.swift */,
				FEE9397B1BABAB4E00819C48 /* Assets.xcassets */,
				FEE9397D1BABAB4E00819C48 /* Info.plist */,
			);
			path = RWDevCon;
			sourceTree = "<group>";
		};
/* End PBXGroup section */

/* Begin PBXNativeTarget section */
		FEE939701BABAB4E00819C48 /* RWDevCon */ = {
			isa = PBXNativeTarget;
			buildConfigurationList = FEE939801BABAB4E00819C48 /* Build configuration list for PBXNativeTarget "RWDevCon" */;
			buildPhases = (
				FEE9396D1BABAB4E00819C48 /* Sources */,
				FEE9396E1BABAB4E00819C48 /* Frameworks */,
				FEE9396F1BABAB4E00819C48 /* Resources */,
			);
			buildRules = (
			);
			dependencies = (
			);
			name = RWDevCon;
			productName = RWDevCon;
			productReference = FEE939711BABAB4E00819C48 /* RWDevCon.app */;
			productType = "com.apple.product-type.application";
		};
/* End PBXNativeTarget section */

/* Begin PBXProject section */
		FEE939691BABAB4E00819C48 /* Project object */ = {
			isa = PBXProject;
			attributes = {
				LastUpgradeCheck = 0710;
				ORGANIZATIONNAME = "Daniel Flax";
				TargetAttributes = {
					FEE939701BABAB4E00819C48 = {
						CreatedOnToolsVersion = 7.1;
					};
				};
			};
			buildConfigurationList = FEE9396C1BABAB4E00819C48 /* Build configuration list for PBXProject "RWDevCon" */;
			compatibilityVersion = "Xcode 3.2";
			developmentRegion = English;
			hasScannedForEncodings = 0;
			knownRegions = (
				en,
				Base,
			);
			mainGroup = FEE939681BABAB4E00819C48;
			productRefGroup = FEE939721BABAB4E00819C48 /* Products */;
			projectDirPath = "";
			projectRoot = "";
			targets = (
				FEE939701BABAB4E00819C48 /* RWDevCon */,
			);
		};
/* End PBXProject section */

/* Begin PBXResourcesBuildPhase section */
		FEE9396F1BABAB4E00819C48 /* Resources */ = {
			isa = PBXResourcesBuildPhase;
			buildActionMask = 2147483647;
			files = (
				FEE9397C1BABAB4E00819C48 /* Assets.xcassets in Resources */,
			);
			runOnlyForDeploymentPostprocessing = 0;
		};
/* End PBXResourcesBuildPhase section */

/* Begin PBXSourcesBuildPhase section */
		FEE9396D1BABAB4E00819C48 /* Sources */ = {
			isa = PBXSourcesBuildPhase;
			buildActionMask = 2147483647;
			files = (
				FEE939751BABAB4E00819C48 /* AppDelegate.swift in Sources */,
			);
			runOnlyForDeploymentPostprocessing = 0;
		};
/* End PBXSourcesBuildPhase section */

/* Begin XCBuildConfiguration section */
		FEE9397E1BABAB4E00819C48 /* Debug */ = {
			isa = XCBuildConfiguration;
			buildSettings = {
				ALWAYS_SEARCH_USER_PATHS = NO;
				CLANG_CXX_LANGUAGE_STANDARD = "gnu++0x";
				CLANG_CXX_LIBRARY = "libc++";
				CLANG_ENABLE_MODULES = YES;
				CLANG_ENABLE_OBJC_ARC = YES;
				CLANG_WARN_BOOL_CONVERSION = YES;
				CLANG_WARN_CONSTANT_CONVERSION = YES;
				CLANG_WARN_DIRECT_OBJC_ISA_USAGE = YES_ERROR;
				CLANG_WARN_EMPTY_BODY = YES;
				CLANG_WARN_ENUM_CONVERSION = YES;
				CLANG_WARN_INT_CONVERSION = YES;
				CLANG_WARN_OBJC_ROOT_CLASS = YES_ERROR;
				CLANG_WARN_UNREACHABLE_CODE = YES;
				CLANG_WARN__DUPLICATE_METHOD_MATCH = YES;
				COPY_PHASE_STRIP = NO;
				DEBUG_INFORMATION_FORMAT = dwarf;
				ENABLE_STRICT_OBJC_MSGSEND = YES;
				ENABLE_TESTABILITY = YES;
				GCC_C_LANGUAGE_STANDARD = gnu99;
				GCC_DYNAMIC_NO_PIC = NO;
				GCC_NO_COMMON_BLOCKS = YES;
				GCC_OPTIMIZATION_LEVEL = 0;
				GCC_PREPROCESSOR_DEFINITIONS = (
					"DEBUG=1",
					"$(inherited)",
				);
				GCC_WARN_64_TO_32_BIT_CONVERSION = YES;
				GCC_WARN_ABOUT_RETURN_TYPE = YES_ERROR;
				GCC_WARN_UNDECLARED_SELECTOR = YES;
				GCC_WARN_UNINITIALIZED_AUTOS = YES_AGGRESSIVE;
				GCC_WARN_UNUSED_FUNCTION = YES;
				GCC_WARN_UNUSED_VARIABLE = YES;
				MTL_ENABLE_DEBUG_INFO = YES;
				ONLY_ACTIVE_ARCH = YES;
				SDKROOT = appletvos;
				SWIFT_OPTIMIZATION_LEVEL = "-Onone";
				TARGETED_DEVICE_FAMILY = 3;
				TVOS_DEPLOYMENT_TARGET = 9.0;
			};
			name = Debug;
		};
		FEE9397F1BABAB4E00819C48 /* Release */ = {
			isa = XCBuildConfiguration;
			buildSettings = {
				ALWAYS_SEARCH_USER_PATHS = NO;
				CLANG_CXX_LANGUAGE_STANDARD = "gnu++0x";
				CLANG_CXX_LIBRARY = "libc++";
				CLANG_ENABLE_MODULES = YES;
				CLANG_ENABLE_OBJC_ARC = YES;
				CLANG_WARN_BOOL_CONVERSION = YES;
				CLANG_WARN_CONSTANT_CONVERSION = YES;
				CLANG_WARN_DIRECT_OBJC_ISA_USAGE = YES_ERROR;
				CLANG_WARN_EMPTY_BODY = YES;
				CLANG_WARN_ENUM_CONVERSION = YES;
				CLANG_WARN_INT_CONVERSION = YES;
				CLANG_WARN_OBJC_ROOT_CLASS = YES_ERROR;
				CLANG_WARN_UNREACHABLE_CODE = YES;
				CLANG_WARN__DUPLICATE_METHOD_MATCH = YES;
				COPY_PHASE_STRIP = NO;
				DEBUG_INFORMATION_FORMAT = "dwarf-with-dsym";
				ENABLE_NS_ASSERTIONS = NO;
				ENABLE_STRICT_OBJC_MSGSEND = YES;
				GCC_C_LANGUAGE_STANDARD = gnu99;
				GCC_NO_COMMON_BLOCKS = YES;
				GCC_WARN_64_TO_32_BIT_CONVERSION = YES;
				GCC_WARN_ABOUT_RETURN_TYPE = YES_ERROR;
				GCC_WARN_UNDECLARED_SELECTOR = YES;
				GCC_WARN_UNINITIALIZED_AUTOS = YES_AGGRESSIVE;
				GCC_WARN_UNUSED_FUNCTION = YES;
				GCC_WARN_UNUSED_VARIABLE = YES;
				MTL_ENABLE_DEBUG_INFO = NO;
				SDKROOT = appletvos;
				TARGETED_DEVICE_FAMILY = 3;
				TVOS_DEPLOYMENT_TARGET = 9.0;
				VALIDATE_PRODUCT = YES;
			};
			name = Release;
		};
		FEE939811BABAB4E00819C48 /* Debug */ = {
			isa = XCBuildConfiguration;
			buildSettings = {
				ASSETCATALOG_COMPILER_APPICON_NAME = "App Icon & Top Shelf Image";
				ASSETCATALOG_COMPILER_LAUNCHIMAGE_NAME = LaunchImage;
				INFOPLIST_FILE = RWDevCon/Info.plist;
				LD_RUNPATH_SEARCH_PATHS = "$(inherited) @executable_path/Frameworks";
				PRODUCT_BUNDLE_IDENTIFIER = nyc.flax.RWDevCon;
				PRODUCT_NAME = "$(TARGET_NAME)";
			};
			name = Debug;
		};
		FEE939821BABAB4E00819C48 /* Release */ = {
			isa = XCBuildConfiguration;
			buildSettings = {
				ASSETCATALOG_COMPILER_APPICON_NAME = "App Icon & Top Shelf Image";
				ASSETCATALOG_COMPILER_LAUNCHIMAGE_NAME = LaunchImage;
				INFOPLIST_FILE = RWDevCon/Info.plist;
				LD_RUNPATH_SEARCH_PATHS = "$(inherited) @executable_path/Frameworks";
				PRODUCT_BUNDLE_IDENTIFIER = nyc.flax.RWDevCon;
				PRODUCT_NAME = "$(TARGET_NAME)";
			};
			name = Release;
		};
/* End XCBuildConfiguration section */

/* Begin XCConfigurationList section */
		FEE9396C1BABAB4E00819C48 /* Build configuration list for PBXProject "RWDevCon" */ = {
			isa = XCConfigurationList;
			buildConfigurations = (
				FEE9397E1BABAB4E00819C48 /* Debug */,
				FEE9397F1BABAB4E00819C48 /* Release */,
			);
			defaultConfigurationIsVisible = 0;
			defaultConfigurationName = Release;
		};
		FEE939801BABAB4E00819C48 /* Build configuration list for PBXNativeTarget "RWDevCon" */ = {
			isa = XCConfigurationList;
			buildConfigurations = (
				FEE939811BABAB4E00819C48 /* Debug */,
				FEE939821BABAB4E00819C48 /* Release */,
			);
			defaultConfigurationIsVisible = 0;
		};
/* End XCConfigurationList section */
	};
	rootObject = FEE939691BABAB4E00819C48 /* Project object */;
}
